
Microsoft Visual Studio Solution File, Format Version 12.00
# Visual Studio Version 16
VisualStudioVersion = 16.0.30621.155
MinimumVisualStudioVersion = 10.0.40219.1
Project("{2150E333-8FDC-42A3-9474-1A3956D46DE8}") = "Application", "Application", "{68B9D9B3-BA68-48D3-A7EB-98638E502247}"
EndProject
Project("{2150E333-8FDC-42A3-9474-1A3956D46DE8}") = "Domain", "Domain", "{E77E05B8-5395-453B-A9F4-8DA131336444}"
EndProject
Project("{2150E333-8FDC-42A3-9474-1A3956D46DE8}") = "Infra.IoC", "Infra.IoC", "{784ECEE9-6819-4EED-A5F4-6B95A5D596BE}"
EndProject
Project("{2150E333-8FDC-42A3-9474-1A3956D46DE8}") = "Infra.Data", "Infra.Data", "{1EEDF3FD-B44D-486F-9F27-3A053C741FC2}"
EndProject
Project("{2150E333-8FDC-42A3-9474-1A3956D46DE8}") = "Presentation", "Presentation", "{E57714C8-958D-4D8B-89A8-F6D64A77F3E9}"
EndProject
Project("{9A19103F-16F7-4668-BE54-9A1E7A4F7556}") = "CleanArch.Mvc", "CleanArch.Mvc\CleanArch.Mvc.csproj", "{50094820-3A4B-4E82-9E32-795E17918EE6}"
EndProject
Project("{9A19103F-16F7-4668-BE54-9A1E7A4F7556}") = "CleanArch.Domain", "CleanArch.Domain\CleanArch.Domain.csproj", "{194A886F-39AC-48EB-90B2-CB733077499E}"
EndProject
Project("{9A19103F-16F7-4668-BE54-9A1E7A4F7556}") = "CleanArch.Infra.Data", "CleanArch.Infra.Data\CleanArch.Infra.Data.csproj", "{28E0DF26-4257-4148-BF95-5F1D8933448F}"
EndProject
Project("{FAE04EC0-301F-11D3-BF4B-00C04F79EFBC}") = "CleanArch.Application", "CleanArch.Application\CleanArch.Application.csproj", "{DC63579F-F3D1-46C9-BE33-5B8E97169B03}"
EndProject
Global
	GlobalSection(SolutionConfigurationPlatforms) = preSolution
		Debug|Any CPU = Debug|Any CPU
		Release|Any CPU = Release|Any CPU
	EndGlobalSection
	GlobalSection(ProjectConfigurationPlatforms) = postSolution
		{50094820-3A4B-4E82-9E32-795E17918EE6}.Debug|Any CPU.ActiveCfg = Debug|Any CPU
		{50094820-3A4B-4E82-9E32-795E17918EE6}.Debug|Any CPU.Build.0 = Debug|Any CPU
		{50094820-3A4B-4E82-9E32-795E17918EE6}.Release|Any CPU.ActiveCfg = Release|Any CPU
		{50094820-3A4B-4E82-9E32-795E17918EE6}.Release|Any CPU.Build.0 = Release|Any CPU
		{194A886F-39AC-48EB-90B2-CB733077499E}.Debug|Any CPU.ActiveCfg = Debug|Any CPU
		{194A886F-39AC-48EB-90B2-CB733077499E}.Debug|Any CPU.Build.0 = Debug|Any CPU
		{194A886F-39AC-48EB-90B2-CB733077499E}.Release|Any CPU.ActiveCfg = Release|Any CPU
		{194A886F-39AC-48EB-90B2-CB733077499E}.Release|Any CPU.Build.0 = Release|Any CPU
		{28E0DF26-4257-4148-BF95-5F1D8933448F}.Debug|Any CPU.ActiveCfg = Debug|Any CPU
		{28E0DF26-4257-4148-BF95-5F1D8933448F}.Debug|Any CPU.Build.0 = Debug|Any CPU
		{28E0DF26-4257-4148-BF95-5F1D8933448F}.Release|Any CPU.ActiveCfg = Release|Any CPU
		{28E0DF26-4257-4148-BF95-5F1D8933448F}.Release|Any CPU.Build.0 = Release|Any CPU
		{DC63579F-F3D1-46C9-BE33-5B8E97169B03}.Debug|Any CPU.ActiveCfg = Debug|Any CPU
		{DC63579F-F3D1-46C9-BE33-5B8E97169B03}.Debug|Any CPU.Build.0 = Debug|Any CPU
		{DC63579F-F3D1-46C9-BE33-5B8E97169B03}.Release|Any CPU.ActiveCfg = Release|Any CPU
		{DC63579F-F3D1-46C9-BE33-5B8E97169B03}.Release|Any CPU.Build.0 = Release|Any CPU
	EndGlobalSection
	GlobalSection(SolutionProperties) = preSolution
		HideSolutionNode = FALSE
	EndGlobalSection
	GlobalSection(NestedProjects) = preSolution
		{50094820-3A4B-4E82-9E32-795E17918EE6} = {E57714C8-958D-4D8B-89A8-F6D64A77F3E9}
		{194A886F-39AC-48EB-90B2-CB733077499E} = {E77E05B8-5395-453B-A9F4-8DA131336444}
		{28E0DF26-4257-4148-BF95-5F1D8933448F} = {1EEDF3FD-B44D-486F-9F27-3A053C741FC2}
		{DC63579F-F3D1-46C9-BE33-5B8E97169B03} = {68B9D9B3-BA68-48D3-A7EB-98638E502247}
	EndGlobalSection
	GlobalSection(ExtensibilityGlobals) = postSolution
		SolutionGuid = {A318002E-C124-4C72-940A-EA635D2955FD}
	EndGlobalSection
EndGlobal
